// !$*UTF8*$!
{
	archiveVersion = 1;
	classes = {
	};
	objectVersion = 56;
	objects = {

/* Begin PBXBuildFile section */
		B36E60812B8566A900D56BA7 /* water_tap_appApp.swift in Sources */ = {isa = PBXBuildFile; fileRef = B36E60802B8566A900D56BA7 /* water_tap_appApp.swift */; };
		B36E60832B8566A900D56BA7 /* ContentView.swift in Sources */ = {isa = PBXBuildFile; fileRef = B36E60822B8566A900D56BA7 /* ContentView.swift */; };
		B36E60852B8566AA00D56BA7 /* Assets.xcassets in Resources */ = {isa = PBXBuildFile; fileRef = B36E60842B8566AA00D56BA7 /* Assets.xcassets */; };
		B36E60882B8566AA00D56BA7 /* Preview Assets.xcassets in Resources */ = {isa = PBXBuildFile; fileRef = B36E60872B8566AA00D56BA7 /* Preview Assets.xcassets */; };
		B36E60922B8566AA00D56BA7 /* water_tap_appTests.swift in Sources */ = {isa = PBXBuildFile; fileRef = B36E60912B8566AA00D56BA7 /* water_tap_appTests.swift */; };
		B36E609C2B8566AA00D56BA7 /* water_tap_appUITests.swift in Sources */ = {isa = PBXBuildFile; fileRef = B36E609B2B8566AA00D56BA7 /* water_tap_appUITests.swift */; };
		B36E609E2B8566AA00D56BA7 /* water_tap_appUITestsLaunchTests.swift in Sources */ = {isa = PBXBuildFile; fileRef = B36E609D2B8566AA00D56BA7 /* water_tap_appUITestsLaunchTests.swift */; };
/* End PBXBuildFile section */

/* Begin PBXContainerItemProxy section */
		B36E608E2B8566AA00D56BA7 /* PBXContainerItemProxy */ = {
			isa = PBXContainerItemProxy;
			containerPortal = B36E60752B8566A900D56BA7 /* Project object */;
			proxyType = 1;
			remoteGlobalIDString = B36E607C2B8566A900D56BA7;
			remoteInfo = water_tap_app;
		};
		B36E60982B8566AA00D56BA7 /* PBXContainerItemProxy */ = {
			isa = PBXContainerItemProxy;
			containerPortal = B36E60752B8566A900D56BA7 /* Project object */;
			proxyType = 1;
			remoteGlobalIDString = B36E607C2B8566A900D56BA7;
			remoteInfo = water_tap_app;
		};
/* End PBXContainerItemProxy section */

/* Begin PBXFileReference section */
		B36E607D2B8566A900D56BA7 /* water_tap_app.app */ = {isa = PBXFileReference; explicitFileType = wrapper.application; includeInIndex = 0; path = water_tap_app.app; sourceTree = BUILT_PRODUCTS_DIR; };
		B36E60802B8566A900D56BA7 /* water_tap_appApp.swift */ = {isa = PBXFileReference; lastKnownFileType = sourcecode.swift; path = water_tap_appApp.swift; sourceTree = "<group>"; };
		B36E60822B8566A900D56BA7 /* ContentView.swift */ = {isa = PBXFileReference; lastKnownFileType = sourcecode.swift; path = ContentView.swift; sourceTree = "<group>"; };
		B36E60842B8566AA00D56BA7 /* Assets.xcassets */ = {isa = PBXFileReference; lastKnownFileType = folder.assetcatalog; path = Assets.xcassets; sourceTree = "<group>"; };
		B36E60872B8566AA00D56BA7 /* Preview Assets.xcassets */ = {isa = PBXFileReference; lastKnownFileType = folder.assetcatalog; path = "Preview Assets.xcassets"; sourceTree = "<group>"; };
		B36E608D2B8566AA00D56BA7 /* water_tap_appTests.xctest */ = {isa = PBXFileReference; explicitFileType = wrapper.cfbundle; includeInIndex = 0; path = water_tap_appTests.xctest; sourceTree = BUILT_PRODUCTS_DIR; };
		B36E60912B8566AA00D56BA7 /* water_tap_appTests.swift */ = {isa = PBXFileReference; lastKnownFileType = sourcecode.swift; path = water_tap_appTests.swift; sourceTree = "<group>"; };
		B36E60972B8566AA00D56BA7 /* water_tap_appUITests.xctest */ = {isa = PBXFileReference; explicitFileType = wrapper.cfbundle; includeInIndex = 0; path = water_tap_appUITests.xctest; sourceTree = BUILT_PRODUCTS_DIR; };
		B36E609B2B8566AA00D56BA7 /* water_tap_appUITests.swift */ = {isa = PBXFileReference; lastKnownFileType = sourcecode.swift; path = water_tap_appUITests.swift; sourceTree = "<group>"; };
		B36E609D2B8566AA00D56BA7 /* water_tap_appUITestsLaunchTests.swift */ = {isa = PBXFileReference; lastKnownFileType = sourcecode.swift; path = water_tap_appUITestsLaunchTests.swift; sourceTree = "<group>"; };
/* End PBXFileReference section */

/* Begin PBXFrameworksBuildPhase section */
		B36E607A2B8566A900D56BA7 /* Frameworks */ = {
			isa = PBXFrameworksBuildPhase;
			buildActionMask = 2147483647;
			files = (
			);
			runOnlyForDeploymentPostprocessing = 0;
		};
		B36E608A2B8566AA00D56BA7 /* Frameworks */ = {
			isa = PBXFrameworksBuildPhase;
			buildActionMask = 2147483647;
			files = (
			);
			runOnlyForDeploymentPostprocessing = 0;
		};
		B36E60942B8566AA00D56BA7 /* Frameworks */ = {
			isa = PBXFrameworksBuildPhase;
			buildActionMask = 2147483647;
			files = (
			);
			runOnlyForDeploymentPostprocessing = 0;
		};
/* End PBXFrameworksBuildPhase section */

/* Begin PBXGroup section */
		B36E60742B8566A900D56BA7 = {
			isa = PBXGroup;
			children = (
				B36E607F2B8566A900D56BA7 /* water_tap_app */,
				B36E60902B8566AA00D56BA7 /* water_tap_appTests */,
				B36E609A2B8566AA00D56BA7 /* water_tap_appUITests */,
				B36E607E2B8566A900D56BA7 /* Products */,
			);
			sourceTree = "<group>";
		};
		B36E607E2B8566A900D56BA7 /* Products */ = {
			isa = PBXGroup;
			children = (
				B36E607D2B8566A900D56BA7 /* water_tap_app.app */,
				B36E608D2B8566AA00D56BA7 /* water_tap_appTests.xctest */,
				B36E60972B8566AA00D56BA7 /* water_tap_appUITests.xctest */,
			);
			name = Products;
			sourceTree = "<group>";
		};
		B36E607F2B8566A900D56BA7 /* water_tap_app */ = {
			isa = PBXGroup;
			children = (
				B36E60802B8566A900D56BA7 /* water_tap_appApp.swift */,
				B36E60822B8566A900D56BA7 /* ContentView.swift */,
				B36E60842B8566AA00D56BA7 /* Assets.xcassets */,
				B36E60862B8566AA00D56BA7 /* Preview Content */,
			);
			path = water_tap_app;
			sourceTree = "<group>";
		};
		B36E60862B8566AA00D56BA7 /* Preview Content */ = {
			isa = PBXGroup;
			children = (
				B36E60872B8566AA00D56BA7 /* Preview Assets.xcassets */,
			);
			path = "Preview Content";
			sourceTree = "<group>";
		};
		B36E60902B8566AA00D56BA7 /* water_tap_appTests */ = {
			isa = PBXGroup;
			children = (
				B36E60912B8566AA00D56BA7 /* water_tap_appTests.swift */,
			);
			path = water_tap_appTests;
			sourceTree = "<group>";
		};
		B36E609A2B8566AA00D56BA7 /* water_tap_appUITests */ = {
			isa = PBXGroup;
			children = (
				B36E609B2B8566AA00D56BA7 /* water_tap_appUITests.swift */,
				B36E609D2B8566AA00D56BA7 /* water_tap_appUITestsLaunchTests.swift */,
			);
			path = water_tap_appUITests;
			sourceTree = "<group>";
		};
/* End PBXGroup section */

/* Begin PBXNativeTarget section */
		B36E607C2B8566A900D56BA7 /* water_tap_app */ = {
			isa = PBXNativeTarget;
			buildConfigurationList = B36E60A12B8566AA00D56BA7 /* Build configuration list for PBXNativeTarget "water_tap_app" */;
			buildPhases = (
				B36E60792B8566A900D56BA7 /* Sources */,
				B36E607A2B8566A900D56BA7 /* Frameworks */,
				B36E607B2B8566A900D56BA7 /* Resources */,
			);
			buildRules = (
			);
			dependencies = (
			);
			name = water_tap_app;
			productName = water_tap_app;
			productReference = B36E607D2B8566A900D56BA7 /* water_tap_app.app */;
			productType = "com.apple.product-type.application";
		};
		B36E608C2B8566AA00D56BA7 /* water_tap_appTests */ = {
			isa = PBXNativeTarget;
			buildConfigurationList = B36E60A42B8566AA00D56BA7 /* Build configuration list for PBXNativeTarget "water_tap_appTests" */;
			buildPhases = (
				B36E60892B8566AA00D56BA7 /* Sources */,
				B36E608A2B8566AA00D56BA7 /* Frameworks */,
				B36E608B2B8566AA00D56BA7 /* Resources */,
			);
			buildRules = (
			);
			dependencies = (
				B36E608F2B8566AA00D56BA7 /* PBXTargetDependency */,
			);
			name = water_tap_appTests;
			productName = water_tap_appTests;
			productReference = B36E608D2B8566AA00D56BA7 /* water_tap_appTests.xctest */;
			productType = "com.apple.product-type.bundle.unit-test";
		};
		B36E60962B8566AA00D56BA7 /* water_tap_appUITests */ = {
			isa = PBXNativeTarget;
			buildConfigurationList = B36E60A72B8566AA00D56BA7 /* Build configuration list for PBXNativeTarget "water_tap_appUITests" */;
			buildPhases = (
				B36E60932B8566AA00D56BA7 /* Sources */,
				B36E60942B8566AA00D56BA7 /* Frameworks */,
				B36E60952B8566AA00D56BA7 /* Resources */,
			);
			buildRules = (
			);
			dependencies = (
				B36E60992B8566AA00D56BA7 /* PBXTargetDependency */,
			);
			name = water_tap_appUITests;
			productName = water_tap_appUITests;
			productReference = B36E60972B8566AA00D56BA7 /* water_tap_appUITests.xctest */;
			productType = "com.apple.product-type.bundle.ui-testing";
		};
/* End PBXNativeTarget section */

/* Begin PBXProject section */
		B36E60752B8566A900D56BA7 /* Project object */ = {
			isa = PBXProject;
			attributes = {
				BuildIndependentTargetsInParallel = 1;
				LastSwiftUpdateCheck = 1430;
				LastUpgradeCheck = 1430;
				TargetAttributes = {
					B36E607C2B8566A900D56BA7 = {
						CreatedOnToolsVersion = 14.3;
					};
					B36E608C2B8566AA00D56BA7 = {
						CreatedOnToolsVersion = 14.3;
						TestTargetID = B36E607C2B8566A900D56BA7;
					};
					B36E60962B8566AA00D56BA7 = {
						CreatedOnToolsVersion = 14.3;
						TestTargetID = B36E607C2B8566A900D56BA7;
					};
				};
			};
			buildConfigurationList = B36E60782B8566A900D56BA7 /* Build configuration list for PBXProject "water_tap_app" */;
			compatibilityVersion = "Xcode 14.0";
			developmentRegion = en;
			hasScannedForEncodings = 0;
			knownRegions = (
				en,
				Base,
			);
			mainGroup = B36E60742B8566A900D56BA7;
			productRefGroup = B36E607E2B8566A900D56BA7 /* Products */;
			projectDirPath = "";
			projectRoot = "";
			targets = (
				B36E607C2B8566A900D56BA7 /* water_tap_app */,
				B36E608C2B8566AA00D56BA7 /* water_tap_appTests */,
				B36E60962B8566AA00D56BA7 /* water_tap_appUITests */,
			);
		};
/* End PBXProject section */

/* Begin PBXResourcesBuildPhase section */
		B36E607B2B8566A900D56BA7 /* Resources */ = {
			isa = PBXResourcesBuildPhase;
			buildActionMask = 2147483647;
			files = (
				B36E60882B8566AA00D56BA7 /* Preview Assets.xcassets in Resources */,
				B36E60852B8566AA00D56BA7 /* Assets.xcassets in Resources */,
			);
			runOnlyForDeploymentPostprocessing = 0;
		};
		B36E608B2B8566AA00D56BA7 /* Resources */ = {
			isa = PBXResourcesBuildPhase;
			buildActionMask = 2147483647;
			files = (
			);
			runOnlyForDeploymentPostprocessing = 0;
		};
		B36E60952B8566AA00D56BA7 /* Resources */ = {
			isa = PBXResourcesBuildPhase;
			buildActionMask = 2147483647;
			files = (
			);
			runOnlyForDeploymentPostprocessing = 0;
		};
/* End PBXResourcesBuildPhase section */

/* Begin PBXSourcesBuildPhase section */
		B36E60792B8566A900D56BA7 /* Sources */ = {
			isa = PBXSourcesBuildPhase;
			buildActionMask = 2147483647;
			files = (
				B36E60832B8566A900D56BA7 /* ContentView.swift in Sources */,
				B36E60812B8566A900D56BA7 /* water_tap_appApp.swift in Sources */,
			);
			runOnlyForDeploymentPostprocessing = 0;
		};
		B36E60892B8566AA00D56BA7 /* Sources */ = {
			isa = PBXSourcesBuildPhase;
			buildActionMask = 2147483647;
			files = (
				B36E60922B8566AA00D56BA7 /* water_tap_appTests.swift in Sources */,
			);
			runOnlyForDeploymentPostprocessing = 0;
		};
		B36E60932B8566AA00D56BA7 /* Sources */ = {
			isa = PBXSourcesBuildPhase;
			buildActionMask = 2147483647;
			files = (
				B36E609E2B8566AA00D56BA7 /* water_tap_appUITestsLaunchTests.swift in Sources */,
				B36E609C2B8566AA00D56BA7 /* water_tap_appUITests.swift in Sources */,
			);
			runOnlyForDeploymentPostprocessing = 0;
		};
/* End PBXSourcesBuildPhase section */

/* Begin PBXTargetDependency section */
		B36E608F2B8566AA00D56BA7 /* PBXTargetDependency */ = {
			isa = PBXTargetDependency;
			target = B36E607C2B8566A900D56BA7 /* water_tap_app */;
			targetProxy = B36E608E2B8566AA00D56BA7 /* PBXContainerItemProxy */;
		};
		B36E60992B8566AA00D56BA7 /* PBXTargetDependency */ = {
			isa = PBXTargetDependency;
			target = B36E607C2B8566A900D56BA7 /* water_tap_app */;
			targetProxy = B36E60982B8566AA00D56BA7 /* PBXContainerItemProxy */;
		};
/* End PBXTargetDependency section */

/* Begin XCBuildConfiguration section */
		B36E609F2B8566AA00D56BA7 /* Debug */ = {
			isa = XCBuildConfiguration;
			buildSettings = {
				ALWAYS_SEARCH_USER_PATHS = NO;
				CLANG_ANALYZER_NONNULL = YES;
				CLANG_ANALYZER_NUMBER_OBJECT_CONVERSION = YES_AGGRESSIVE;
				CLANG_CXX_LANGUAGE_STANDARD = "gnu++20";
				CLANG_ENABLE_MODULES = YES;
				CLANG_ENABLE_OBJC_ARC = YES;
				CLANG_ENABLE_OBJC_WEAK = YES;
				CLANG_WARN_BLOCK_CAPTURE_AUTORELEASING = YES;
				CLANG_WARN_BOOL_CONVERSION = YES;
				CLANG_WARN_COMMA = YES;
				CLANG_WARN_CONSTANT_CONVERSION = YES;
				CLANG_WARN_DEPRECATED_OBJC_IMPLEMENTATIONS = YES;
				CLANG_WARN_DIRECT_OBJC_ISA_USAGE = YES_ERROR;
				CLANG_WARN_DOCUMENTATION_COMMENTS = YES;
				CLANG_WARN_EMPTY_BODY = YES;
				CLANG_WARN_ENUM_CONVERSION = YES;
				CLANG_WARN_INFINITE_RECURSION = YES;
				CLANG_WARN_INT_CONVERSION = YES;
				CLANG_WARN_NON_LITERAL_NULL_CONVERSION = YES;
				CLANG_WARN_OBJC_IMPLICIT_RETAIN_SELF = YES;
				CLANG_WARN_OBJC_LITERAL_CONVERSION = YES;
				CLANG_WARN_OBJC_ROOT_CLASS = YES_ERROR;
				CLANG_WARN_QUOTED_INCLUDE_IN_FRAMEWORK_HEADER = YES;
				CLANG_WARN_RANGE_LOOP_ANALYSIS = YES;
				CLANG_WARN_STRICT_PROTOTYPES = YES;
				CLANG_WARN_SUSPICIOUS_MOVE = YES;
				CLANG_WARN_UNGUARDED_AVAILABILITY = YES_AGGRESSIVE;
				CLANG_WARN_UNREACHABLE_CODE = YES;
				CLANG_WARN__DUPLICATE_METHOD_MATCH = YES;
				COPY_PHASE_STRIP = NO;
				DEBUG_INFORMATION_FORMAT = dwarf;
				ENABLE_STRICT_OBJC_MSGSEND = YES;
				ENABLE_TESTABILITY = YES;
				GCC_C_LANGUAGE_STANDARD = gnu11;
				GCC_DYNAMIC_NO_PIC = NO;
				GCC_NO_COMMON_BLOCKS = YES;
				GCC_OPTIMIZATION_LEVEL = 0;
				GCC_PREPROCESSOR_DEFINITIONS = (
					"DEBUG=1",
					"$(inherited)",
				);
				GCC_WARN_64_TO_32_BIT_CONVERSION = YES;
				GCC_WARN_ABOUT_RETURN_TYPE = YES_ERROR;
				GCC_WARN_UNDECLARED_SELECTOR = YES;
				GCC_WARN_UNINITIALIZED_AUTOS = YES_AGGRESSIVE;
				GCC_WARN_UNUSED_FUNCTION = YES;
				GCC_WARN_UNUSED_VARIABLE = YES;
				IPHONEOS_DEPLOYMENT_TARGET = 16.4;
				MTL_ENABLE_DEBUG_INFO = INCLUDE_SOURCE;
				MTL_FAST_MATH = YES;
				ONLY_ACTIVE_ARCH = YES;
				SDKROOT = iphoneos;
				SWIFT_ACTIVE_COMPILATION_CONDITIONS = DEBUG;
				SWIFT_OPTIMIZATION_LEVEL = "-Onone";
			};
			name = Debug;
		};
		B36E60A02B8566AA00D56BA7 /* Release */ = {
			isa = XCBuildConfiguration;
			buildSettings = {
				ALWAYS_SEARCH_USER_PATHS = NO;
				CLANG_ANALYZER_NONNULL = YES;
				CLANG_ANALYZER_NUMBER_OBJECT_CONVERSION = YES_AGGRESSIVE;
				CLANG_CXX_LANGUAGE_STANDARD = "gnu++20";
				CLANG_ENABLE_MODULES = YES;
				CLANG_ENABLE_OBJC_ARC = YES;
				CLANG_ENABLE_OBJC_WEAK = YES;
				CLANG_WARN_BLOCK_CAPTURE_AUTORELEASING = YES;
				CLANG_WARN_BOOL_CONVERSION = YES;
				CLANG_WARN_COMMA = YES;
				CLANG_WARN_CONSTANT_CONVERSION = YES;
				CLANG_WARN_DEPRECATED_OBJC_IMPLEMENTATIONS = YES;
				CLANG_WARN_DIRECT_OBJC_ISA_USAGE = YES_ERROR;
				CLANG_WARN_DOCUMENTATION_COMMENTS = YES;
				CLANG_WARN_EMPTY_BODY = YES;
				CLANG_WARN_ENUM_CONVERSION = YES;
				CLANG_WARN_INFINITE_RECURSION = YES;
				CLANG_WARN_INT_CONVERSION = YES;
				CLANG_WARN_NON_LITERAL_NULL_CONVERSION = YES;
				CLANG_WARN_OBJC_IMPLICIT_RETAIN_SELF = YES;
				CLANG_WARN_OBJC_LITERAL_CONVERSION = YES;
				CLANG_WARN_OBJC_ROOT_CLASS = YES_ERROR;
				CLANG_WARN_QUOTED_INCLUDE_IN_FRAMEWORK_HEADER = YES;
				CLANG_WARN_RANGE_LOOP_ANALYSIS = YES;
				CLANG_WARN_STRICT_PROTOTYPES = YES;
				CLANG_WARN_SUSPICIOUS_MOVE = YES;
				CLANG_WARN_UNGUARDED_AVAILABILITY = YES_AGGRESSIVE;
				CLANG_WARN_UNREACHABLE_CODE = YES;
				CLANG_WARN__DUPLICATE_METHOD_MATCH = YES;
				COPY_PHASE_STRIP = NO;
				DEBUG_INFORMATION_FORMAT = "dwarf-with-dsym";
				ENABLE_NS_ASSERTIONS = NO;
				ENABLE_STRICT_OBJC_MSGSEND = YES;
				GCC_C_LANGUAGE_STANDARD = gnu11;
				GCC_NO_COMMON_BLOCKS = YES;
				GCC_WARN_64_TO_32_BIT_CONVERSION = YES;
				GCC_WARN_ABOUT_RETURN_TYPE = YES_ERROR;
				GCC_WARN_UNDECLARED_SELECTOR = YES;
				GCC_WARN_UNINITIALIZED_AUTOS = YES_AGGRESSIVE;
				GCC_WARN_UNUSED_FUNCTION = YES;
				GCC_WARN_UNUSED_VARIABLE = YES;
				IPHONEOS_DEPLOYMENT_TARGET = 16.4;
				MTL_ENABLE_DEBUG_INFO = NO;
				MTL_FAST_MATH = YES;
				SDKROOT = iphoneos;
				SWIFT_COMPILATION_MODE = wholemodule;
				SWIFT_OPTIMIZATION_LEVEL = "-O";
				VALIDATE_PRODUCT = YES;
			};
			name = Release;
		};
		B36E60A22B8566AA00D56BA7 /* Debug */ = {
			isa = XCBuildConfiguration;
			buildSettings = {
				ASSETCATALOG_COMPILER_APPICON_NAME = AppIcon;
				ASSETCATALOG_COMPILER_GLOBAL_ACCENT_COLOR_NAME = AccentColor;
				CODE_SIGN_STYLE = Automatic;
				CURRENT_PROJECT_VERSION = 1;
				DEVELOPMENT_ASSET_PATHS = "\"water_tap_app/Preview Content\"";
				ENABLE_PREVIEWS = YES;
				GENERATE_INFOPLIST_FILE = YES;
				INFOPLIST_KEY_UIApplicationSceneManifest_Generation = YES;
				INFOPLIST_KEY_UIApplicationSupportsIndirectInputEvents = YES;
				INFOPLIST_KEY_UILaunchScreen_Generation = YES;
				INFOPLIST_KEY_UISupportedInterfaceOrientations_iPad = "UIInterfaceOrientationPortrait UIInterfaceOrientationPortraitUpsideDown UIInterfaceOrientationLandscapeLeft UIInterfaceOrientationLandscapeRight";
				INFOPLIST_KEY_UISupportedInterfaceOrientations_iPhone = "UIInterfaceOrientationPortrait UIInterfaceOrientationLandscapeLeft UIInterfaceOrientationLandscapeRight";
				LD_RUNPATH_SEARCH_PATHS = (
					"$(inherited)",
					"@executable_path/Frameworks",
				);
				MARKETING_VERSION = 1.0;
				PRODUCT_BUNDLE_IDENTIFIER = "gmm.water-tap-app";
				PRODUCT_NAME = "$(TARGET_NAME)";
				SWIFT_EMIT_LOC_STRINGS = YES;
				SWIFT_VERSION = 5.0;
				TARGETED_DEVICE_FAMILY = "1,2";
			};
			name = Debug;
		};
		B36E60A32B8566AA00D56BA7 /* Release */ = {
			isa = XCBuildConfiguration;
			buildSettings = {
				ASSETCATALOG_COMPILER_APPICON_NAME = AppIcon;
				ASSETCATALOG_COMPILER_GLOBAL_ACCENT_COLOR_NAME = AccentColor;
				CODE_SIGN_STYLE = Automatic;
				CURRENT_PROJECT_VERSION = 1;
				DEVELOPMENT_ASSET_PATHS = "\"water_tap_app/Preview Content\"";
				ENABLE_PREVIEWS = YES;
				GENERATE_INFOPLIST_FILE = YES;
				INFOPLIST_KEY_UIApplicationSceneManifest_Generation = YES;
				INFOPLIST_KEY_UIApplicationSupportsIndirectInputEvents = YES;
				INFOPLIST_KEY_UILaunchScreen_Generation = YES;
				INFOPLIST_KEY_UISupportedInterfaceOrientations_iPad = "UIInterfaceOrientationPortrait UIInterfaceOrientationPortraitUpsideDown UIInterfaceOrientationLandscapeLeft UIInterfaceOrientationLandscapeRight";
				INFOPLIST_KEY_UISupportedInterfaceOrientations_iPhone = "UIInterfaceOrientationPortrait UIInterfaceOrientationLandscapeLeft UIInterfaceOrientationLandscapeRight";
				LD_RUNPATH_SEARCH_PATHS = (
					"$(inherited)",
					"@executable_path/Frameworks",
				);
				MARKETING_VERSION = 1.0;
				PRODUCT_BUNDLE_IDENTIFIER = "gmm.water-tap-app";
				PRODUCT_NAME = "$(TARGET_NAME)";
				SWIFT_EMIT_LOC_STRINGS = YES;
				SWIFT_VERSION = 5.0;
				TARGETED_DEVICE_FAMILY = "1,2";
			};
			name = Release;
		};
		B36E60A52B8566AA00D56BA7 /* Debug */ = {
			isa = XCBuildConfiguration;
			buildSettings = {
				ALWAYS_EMBED_SWIFT_STANDARD_LIBRARIES = YES;
				BUNDLE_LOADER = "$(TEST_HOST)";
				CODE_SIGN_STYLE = Automatic;
				CURRENT_PROJECT_VERSION = 1;
				GENERATE_INFOPLIST_FILE = YES;
				IPHONEOS_DEPLOYMENT_TARGET = 16.4;
				MARKETING_VERSION = 1.0;
				PRODUCT_BUNDLE_IDENTIFIER = "gmm.water-tap-appTests";
				PRODUCT_NAME = "$(TARGET_NAME)";
				SWIFT_EMIT_LOC_STRINGS = NO;
				SWIFT_VERSION = 5.0;
				TARGETED_DEVICE_FAMILY = "1,2";
				TEST_HOST = "$(BUILT_PRODUCTS_DIR)/water_tap_app.app/$(BUNDLE_EXECUTABLE_FOLDER_PATH)/water_tap_app";
			};
			name = Debug;
		};
		B36E60A62B8566AA00D56BA7 /* Release */ = {
			isa = XCBuildConfiguration;
			buildSettings = {
				ALWAYS_EMBED_SWIFT_STANDARD_LIBRARIES = YES;
				BUNDLE_LOADER = "$(TEST_HOST)";
				CODE_SIGN_STYLE = Automatic;
				CURRENT_PROJECT_VERSION = 1;
				GENERATE_INFOPLIST_FILE = YES;
				IPHONEOS_DEPLOYMENT_TARGET = 16.4;
				MARKETING_VERSION = 1.0;
				PRODUCT_BUNDLE_IDENTIFIER = "gmm.water-tap-appTests";
				PRODUCT_NAME = "$(TARGET_NAME)";
				SWIFT_EMIT_LOC_STRINGS = NO;
				SWIFT_VERSION = 5.0;
				TARGETED_DEVICE_FAMILY = "1,2";
				TEST_HOST = "$(BUILT_PRODUCTS_DIR)/water_tap_app.app/$(BUNDLE_EXECUTABLE_FOLDER_PATH)/water_tap_app";
			};
			name = Release;
		};
		B36E60A82B8566AA00D56BA7 /* Debug */ = {
			isa = XCBuildConfiguration;
			buildSettings = {
				ALWAYS_EMBED_SWIFT_STANDARD_LIBRARIES = YES;
				CODE_SIGN_STYLE = Automatic;
				CURRENT_PROJECT_VERSION = 1;
				GENERATE_INFOPLIST_FILE = YES;
				MARKETING_VERSION = 1.0;
				PRODUCT_BUNDLE_IDENTIFIER = "gmm.water-tap-appUITests";
				PRODUCT_NAME = "$(TARGET_NAME)";
				SWIFT_EMIT_LOC_STRINGS = NO;
				SWIFT_VERSION = 5.0;
				TARGETED_DEVICE_FAMILY = "1,2";
				TEST_TARGET_NAME = water_tap_app;
			};
			name = Debug;
		};
		B36E60A92B8566AA00D56BA7 /* Release */ = {
			isa = XCBuildConfiguration;
			buildSettings = {
				ALWAYS_EMBED_SWIFT_STANDARD_LIBRARIES = YES;
				CODE_SIGN_STYLE = Automatic;
				CURRENT_PROJECT_VERSION = 1;
				GENERATE_INFOPLIST_FILE = YES;
				MARKETING_VERSION = 1.0;
				PRODUCT_BUNDLE_IDENTIFIER = "gmm.water-tap-appUITests";
				PRODUCT_NAME = "$(TARGET_NAME)";
				SWIFT_EMIT_LOC_STRINGS = NO;
				SWIFT_VERSION = 5.0;
				TARGETED_DEVICE_FAMILY = "1,2";
				TEST_TARGET_NAME = water_tap_app;
			};
			name = Release;
		};
/* End XCBuildConfiguration section */

/* Begin XCConfigurationList section */
		B36E60782B8566A900D56BA7 /* Build configuration list for PBXProject "water_tap_app" */ = {
			isa = XCConfigurationList;
			buildConfigurations = (
				B36E609F2B8566AA00D56BA7 /* Debug */,
				B36E60A02B8566AA00D56BA7 /* Release */,
			);
			defaultConfigurationIsVisible = 0;
			defaultConfigurationName = Release;
		};
		B36E60A12B8566AA00D56BA7 /* Build configuration list for PBXNativeTarget "water_tap_app" */ = {
			isa = XCConfigurationList;
			buildConfigurations = (
				B36E60A22B8566AA00D56BA7 /* Debug */,
				B36E60A32B8566AA00D56BA7 /* Release */,
			);
			defaultConfigurationIsVisible = 0;
			defaultConfigurationName = Release;
		};
		B36E60A42B8566AA00D56BA7 /* Build configuration list for PBXNativeTarget "water_tap_appTests" */ = {
			isa = XCConfigurationList;
			buildConfigurations = (
				B36E60A52B8566AA00D56BA7 /* Debug */,
				B36E60A62B8566AA00D56BA7 /* Release */,
			);
			defaultConfigurationIsVisible = 0;
			defaultConfigurationName = Release;
		};
		B36E60A72B8566AA00D56BA7 /* Build configuration list for PBXNativeTarget "water_tap_appUITests" */ = {
			isa = XCConfigurationList;
			buildConfigurations = (
				B36E60A82B8566AA00D56BA7 /* Debug */,
				B36E60A92B8566AA00D56BA7 /* Release */,
			);
			defaultConfigurationIsVisible = 0;
			defaultConfigurationName = Release;
		};
/* End XCConfigurationList section */
	};
	rootObject = B36E60752B8566A900D56BA7 /* Project object */;
}
